{
  "version": 4,
  "terraform_version": "1.11.1",
  "serial": 1,
  "lineage": "1bd78b8b-73bc-a8af-b0ef-1930a8025c36",
  "outputs": {},
  "resources": [
    {
      "mode": "managed",
      "type": "spotify_playlist",
      "name": "Bollywood",
      "provider": "provider[\"registry.terraform.io/conradludgate/spotify\"]",
      "instances": [
        {
          "schema_version": 0,
          "attributes": {
            "description": null,
            "id": "7asBsLULL9wBichp5rEg9T",
            "name": "Bollywood",
            "public": true,
            "snapshot_id": "AAAAAsciC9F5hm8AkfFRE9P79m2eIETL",
            "tracks": [
              "37i9dQZF1E36DxdihBUAfs"
            ]
          },
          "sensitive_attributes": [],
          "private": "bnVsbA=="
        }
      ]
    }
  ],
  "check_results": null
}
